
Microsoft Visual Studio Solution File, Format Version 12.00
# Visual Studio Version 16
VisualStudioVersion = 16.0.31025.194
MinimumVisualStudioVersion = 10.0.40219.1
Project("{FAE04EC0-301F-11D3-BF4B-00C04F79EFBC}") = "BubbleSOrt", "BubbleSOrt\BubbleSOrt.csproj", "{7C8FD21E-1CB0-410E-929D-44047696CE0E}"
EndProject
Global
	GlobalSection(SolutionConfigurationPlatforms) = preSolution
		Debug|Any CPU = Debug|Any CPU
		Release|Any CPU = Release|Any CPU
	EndGlobalSection
	GlobalSection(ProjectConfigurationPlatforms) = postSolution
		{7C8FD21E-1CB0-410E-929D-44047696CE0E}.Debug|Any CPU.ActiveCfg = Debug|Any CPU
		{7C8FD21E-1CB0-410E-929D-44047696CE0E}.Debug|Any CPU.Build.0 = Debug|Any CPU
		{7C8FD21E-1CB0-410E-929D-44047696CE0E}.Release|Any CPU.ActiveCfg = Release|Any CPU
		{7C8FD21E-1CB0-410E-929D-44047696CE0E}.Release|Any CPU.Build.0 = Release|Any CPU
	EndGlobalSection
	GlobalSection(SolutionProperties) = preSolution
		HideSolutionNode = FALSE
	EndGlobalSection
	GlobalSection(ExtensibilityGlobals) = postSolution
		SolutionGuid = {86721CAE-062F-4569-B84F-C69C625E2232}
	EndGlobalSection
EndGlobal
