
Microsoft Visual Studio Solution File, Format Version 12.00
# Visual Studio Version 16
VisualStudioVersion = 16.0.31025.194
MinimumVisualStudioVersion = 10.0.40219.1
Project("{FAE04EC0-301F-11D3-BF4B-00C04F79EFBC}") = "InsertionSort", "InsertionSort\InsertionSort.csproj", "{3FB813CC-63B8-40BF-9B49-685A7DF7BC16}"
EndProject
Global
	GlobalSection(SolutionConfigurationPlatforms) = preSolution
		Debug|Any CPU = Debug|Any CPU
		Release|Any CPU = Release|Any CPU
	EndGlobalSection
	GlobalSection(ProjectConfigurationPlatforms) = postSolution
		{3FB813CC-63B8-40BF-9B49-685A7DF7BC16}.Debug|Any CPU.ActiveCfg = Debug|Any CPU
		{3FB813CC-63B8-40BF-9B49-685A7DF7BC16}.Debug|Any CPU.Build.0 = Debug|Any CPU
		{3FB813CC-63B8-40BF-9B49-685A7DF7BC16}.Release|Any CPU.ActiveCfg = Release|Any CPU
		{3FB813CC-63B8-40BF-9B49-685A7DF7BC16}.Release|Any CPU.Build.0 = Release|Any CPU
	EndGlobalSection
	GlobalSection(SolutionProperties) = preSolution
		HideSolutionNode = FALSE
	EndGlobalSection
	GlobalSection(ExtensibilityGlobals) = postSolution
		SolutionGuid = {FA2D6FB4-13A7-467E-A484-4735A00AF9B0}
	EndGlobalSection
EndGlobal
