
Microsoft Visual Studio Solution File, Format Version 12.00
# Visual Studio Version 16
VisualStudioVersion = 16.0.30907.101
MinimumVisualStudioVersion = 10.0.40219.1
Project("{FAE04EC0-301F-11D3-BF4B-00C04F79EFBC}") = "GenericStack", "GenericStack\GenericStack.csproj", "{30866F59-43AE-41C5-BCB7-037434A23433}"
EndProject
Global
	GlobalSection(SolutionConfigurationPlatforms) = preSolution
		Debug|Any CPU = Debug|Any CPU
		Release|Any CPU = Release|Any CPU
	EndGlobalSection
	GlobalSection(ProjectConfigurationPlatforms) = postSolution
		{30866F59-43AE-41C5-BCB7-037434A23433}.Debug|Any CPU.ActiveCfg = Debug|Any CPU
		{30866F59-43AE-41C5-BCB7-037434A23433}.Debug|Any CPU.Build.0 = Debug|Any CPU
		{30866F59-43AE-41C5-BCB7-037434A23433}.Release|Any CPU.ActiveCfg = Release|Any CPU
		{30866F59-43AE-41C5-BCB7-037434A23433}.Release|Any CPU.Build.0 = Release|Any CPU
	EndGlobalSection
	GlobalSection(SolutionProperties) = preSolution
		HideSolutionNode = FALSE
	EndGlobalSection
	GlobalSection(ExtensibilityGlobals) = postSolution
		SolutionGuid = {36B04CD3-B899-411E-AD0E-07DCA7D32DBD}
	EndGlobalSection
EndGlobal
