
Microsoft Visual Studio Solution File, Format Version 12.00
# Visual Studio Version 16
VisualStudioVersion = 16.0.30907.101
MinimumVisualStudioVersion = 10.0.40219.1
Project("{FAE04EC0-301F-11D3-BF4B-00C04F79EFBC}") = "GenericSLinkedList", "GenericSLinkedList\GenericSLinkedList.csproj", "{A3973AB1-EFE4-4E5A-9AFB-DCFE968AA2AE}"
EndProject
Global
	GlobalSection(SolutionConfigurationPlatforms) = preSolution
		Debug|Any CPU = Debug|Any CPU
		Release|Any CPU = Release|Any CPU
	EndGlobalSection
	GlobalSection(ProjectConfigurationPlatforms) = postSolution
		{A3973AB1-EFE4-4E5A-9AFB-DCFE968AA2AE}.Debug|Any CPU.ActiveCfg = Debug|Any CPU
		{A3973AB1-EFE4-4E5A-9AFB-DCFE968AA2AE}.Debug|Any CPU.Build.0 = Debug|Any CPU
		{A3973AB1-EFE4-4E5A-9AFB-DCFE968AA2AE}.Release|Any CPU.ActiveCfg = Release|Any CPU
		{A3973AB1-EFE4-4E5A-9AFB-DCFE968AA2AE}.Release|Any CPU.Build.0 = Release|Any CPU
	EndGlobalSection
	GlobalSection(SolutionProperties) = preSolution
		HideSolutionNode = FALSE
	EndGlobalSection
	GlobalSection(ExtensibilityGlobals) = postSolution
		SolutionGuid = {AA87A075-3938-4CC8-B402-AE7EC4024C50}
	EndGlobalSection
EndGlobal
