
Microsoft Visual Studio Solution File, Format Version 12.00
# Visual Studio Version 16
VisualStudioVersion = 16.0.30907.101
MinimumVisualStudioVersion = 10.0.40219.1
Project("{FAE04EC0-301F-11D3-BF4B-00C04F79EFBC}") = "RWSLINKLIST", "RWSLINKLIST\RWSLINKLIST.csproj", "{F14A9871-5047-4B04-8316-08DAFA8CF7BB}"
EndProject
Global
	GlobalSection(SolutionConfigurationPlatforms) = preSolution
		Debug|Any CPU = Debug|Any CPU
		Release|Any CPU = Release|Any CPU
	EndGlobalSection
	GlobalSection(ProjectConfigurationPlatforms) = postSolution
		{F14A9871-5047-4B04-8316-08DAFA8CF7BB}.Debug|Any CPU.ActiveCfg = Debug|Any CPU
		{F14A9871-5047-4B04-8316-08DAFA8CF7BB}.Debug|Any CPU.Build.0 = Debug|Any CPU
		{F14A9871-5047-4B04-8316-08DAFA8CF7BB}.Release|Any CPU.ActiveCfg = Release|Any CPU
		{F14A9871-5047-4B04-8316-08DAFA8CF7BB}.Release|Any CPU.Build.0 = Release|Any CPU
	EndGlobalSection
	GlobalSection(SolutionProperties) = preSolution
		HideSolutionNode = FALSE
	EndGlobalSection
	GlobalSection(ExtensibilityGlobals) = postSolution
		SolutionGuid = {6531EDFC-0116-474C-8175-D93EDCC55FD6}
	EndGlobalSection
EndGlobal
