
Microsoft Visual Studio Solution File, Format Version 12.00
# Visual Studio Version 16
VisualStudioVersion = 16.0.31025.194
MinimumVisualStudioVersion = 10.0.40219.1
Project("{FAE04EC0-301F-11D3-BF4B-00C04F79EFBC}") = "QuickSortV2", "QuickSortV2\QuickSortV2.csproj", "{9B741AF5-0BA1-489B-8A01-6754DA0D353F}"
EndProject
Global
	GlobalSection(SolutionConfigurationPlatforms) = preSolution
		Debug|Any CPU = Debug|Any CPU
		Release|Any CPU = Release|Any CPU
	EndGlobalSection
	GlobalSection(ProjectConfigurationPlatforms) = postSolution
		{9B741AF5-0BA1-489B-8A01-6754DA0D353F}.Debug|Any CPU.ActiveCfg = Debug|Any CPU
		{9B741AF5-0BA1-489B-8A01-6754DA0D353F}.Debug|Any CPU.Build.0 = Debug|Any CPU
		{9B741AF5-0BA1-489B-8A01-6754DA0D353F}.Release|Any CPU.ActiveCfg = Release|Any CPU
		{9B741AF5-0BA1-489B-8A01-6754DA0D353F}.Release|Any CPU.Build.0 = Release|Any CPU
	EndGlobalSection
	GlobalSection(SolutionProperties) = preSolution
		HideSolutionNode = FALSE
	EndGlobalSection
	GlobalSection(ExtensibilityGlobals) = postSolution
		SolutionGuid = {BFB174A0-2A3C-412B-83D5-BA2FC3EB4B81}
	EndGlobalSection
EndGlobal
